// !$*UTF8*$!
{
	archiveVersion = 1;
	classes = {
	};
	objectVersion = 50;
	objects = {

/* Begin PBXBuildFile section */
		33467349638BFE3AB78D7A3A /* Pods_Surf_Advisor_iOS.framework in Frameworks */ = {isa = PBXBuildFile; fileRef = 7090212BA92B43D2EC91E46B /* Pods_Surf_Advisor_iOS.framework */; };
		B80D013D6CA51200D34F2338 /* Pods_Surf_Advisor_iOSTests.framework in Frameworks */ = {isa = PBXBuildFile; fileRef = BF4022B9C5E90AFDAD17C284 /* Pods_Surf_Advisor_iOSTests.framework */; };
		CBF2CBE22296B2090039D3AC /* AppDelegate.swift in Sources */ = {isa = PBXBuildFile; fileRef = CBF2CBE12296B2090039D3AC /* AppDelegate.swift */; };
		CBF2CBE42296B2090039D3AC /* ViewController.swift in Sources */ = {isa = PBXBuildFile; fileRef = CBF2CBE32296B2090039D3AC /* ViewController.swift */; };
		CBF2CBE72296B2090039D3AC /* Main.storyboard in Resources */ = {isa = PBXBuildFile; fileRef = CBF2CBE52296B2090039D3AC /* Main.storyboard */; };
		CBF2CBE92296B20C0039D3AC /* Assets.xcassets in Resources */ = {isa = PBXBuildFile; fileRef = CBF2CBE82296B20C0039D3AC /* Assets.xcassets */; };
		CBF2CBEC2296B20C0039D3AC /* LaunchScreen.storyboard in Resources */ = {isa = PBXBuildFile; fileRef = CBF2CBEA2296B20C0039D3AC /* LaunchScreen.storyboard */; };
		CBF2CBF72296B20C0039D3AC /* Surf_Advisor_iOSTests.swift in Sources */ = {isa = PBXBuildFile; fileRef = CBF2CBF62296B20C0039D3AC /* Surf_Advisor_iOSTests.swift */; };
/* End PBXBuildFile section */

/* Begin PBXContainerItemProxy section */
		CBF2CBF32296B20C0039D3AC /* PBXContainerItemProxy */ = {
			isa = PBXContainerItemProxy;
			containerPortal = CBF2CBD62296B2090039D3AC /* Project object */;
			proxyType = 1;
			remoteGlobalIDString = CBF2CBDD2296B2090039D3AC;
			remoteInfo = Surf_Advisor_iOS;
		};
/* End PBXContainerItemProxy section */

/* Begin PBXFileReference section */
		118F7E521C098F763BB41441 /* Pods-Surf_Advisor_iOSTests.release.xcconfig */ = {isa = PBXFileReference; includeInIndex = 1; lastKnownFileType = text.xcconfig; name = "Pods-Surf_Advisor_iOSTests.release.xcconfig"; path = "Pods/Target Support Files/Pods-Surf_Advisor_iOSTests/Pods-Surf_Advisor_iOSTests.release.xcconfig"; sourceTree = "<group>"; };
		6742B631162F82832F666B13 /* Pods-Surf_Advisor_iOSTests.debug.xcconfig */ = {isa = PBXFileReference; includeInIndex = 1; lastKnownFileType = text.xcconfig; name = "Pods-Surf_Advisor_iOSTests.debug.xcconfig"; path = "Pods/Target Support Files/Pods-Surf_Advisor_iOSTests/Pods-Surf_Advisor_iOSTests.debug.xcconfig"; sourceTree = "<group>"; };
		7090212BA92B43D2EC91E46B /* Pods_Surf_Advisor_iOS.framework */ = {isa = PBXFileReference; explicitFileType = wrapper.framework; includeInIndex = 0; path = Pods_Surf_Advisor_iOS.framework; sourceTree = BUILT_PRODUCTS_DIR; };
		82A4A2177D1FECF8F2836FCE /* Pods-Surf_Advisor_iOS.debug.xcconfig */ = {isa = PBXFileReference; includeInIndex = 1; lastKnownFileType = text.xcconfig; name = "Pods-Surf_Advisor_iOS.debug.xcconfig"; path = "Pods/Target Support Files/Pods-Surf_Advisor_iOS/Pods-Surf_Advisor_iOS.debug.xcconfig"; sourceTree = "<group>"; };
		A5F84E5DFE3047AA1FCA2CEC /* Pods-Surf_Advisor_iOS.release.xcconfig */ = {isa = PBXFileReference; includeInIndex = 1; lastKnownFileType = text.xcconfig; name = "Pods-Surf_Advisor_iOS.release.xcconfig"; path = "Pods/Target Support Files/Pods-Surf_Advisor_iOS/Pods-Surf_Advisor_iOS.release.xcconfig"; sourceTree = "<group>"; };
		BF4022B9C5E90AFDAD17C284 /* Pods_Surf_Advisor_iOSTests.framework */ = {isa = PBXFileReference; explicitFileType = wrapper.framework; includeInIndex = 0; path = Pods_Surf_Advisor_iOSTests.framework; sourceTree = BUILT_PRODUCTS_DIR; };
		CBF2CBDE2296B2090039D3AC /* Surf_Advisor_iOS.app */ = {isa = PBXFileReference; explicitFileType = wrapper.application; includeInIndex = 0; path = Surf_Advisor_iOS.app; sourceTree = BUILT_PRODUCTS_DIR; };
		CBF2CBE12296B2090039D3AC /* AppDelegate.swift */ = {isa = PBXFileReference; lastKnownFileType = sourcecode.swift; path = AppDelegate.swift; sourceTree = "<group>"; };
		CBF2CBE32296B2090039D3AC /* ViewController.swift */ = {isa = PBXFileReference; lastKnownFileType = sourcecode.swift; path = ViewController.swift; sourceTree = "<group>"; };
		CBF2CBE62296B2090039D3AC /* Base */ = {isa = PBXFileReference; lastKnownFileType = file.storyboard; name = Base; path = Base.lproj/Main.storyboard; sourceTree = "<group>"; };
		CBF2CBE82296B20C0039D3AC /* Assets.xcassets */ = {isa = PBXFileReference; lastKnownFileType = folder.assetcatalog; path = Assets.xcassets; sourceTree = "<group>"; };
		CBF2CBEB2296B20C0039D3AC /* Base */ = {isa = PBXFileReference; lastKnownFileType = file.storyboard; name = Base; path = Base.lproj/LaunchScreen.storyboard; sourceTree = "<group>"; };
		CBF2CBED2296B20C0039D3AC /* Info.plist */ = {isa = PBXFileReference; lastKnownFileType = text.plist.xml; path = Info.plist; sourceTree = "<group>"; };
		CBF2CBF22296B20C0039D3AC /* Surf_Advisor_iOSTests.xctest */ = {isa = PBXFileReference; explicitFileType = wrapper.cfbundle; includeInIndex = 0; path = Surf_Advisor_iOSTests.xctest; sourceTree = BUILT_PRODUCTS_DIR; };
		CBF2CBF62296B20C0039D3AC /* Surf_Advisor_iOSTests.swift */ = {isa = PBXFileReference; lastKnownFileType = sourcecode.swift; path = Surf_Advisor_iOSTests.swift; sourceTree = "<group>"; };
		CBF2CBF82296B20C0039D3AC /* Info.plist */ = {isa = PBXFileReference; lastKnownFileType = text.plist.xml; path = Info.plist; sourceTree = "<group>"; };
/* End PBXFileReference section */

/* Begin PBXFrameworksBuildPhase section */
		CBF2CBDB2296B2090039D3AC /* Frameworks */ = {
			isa = PBXFrameworksBuildPhase;
			buildActionMask = 2147483647;
			files = (
				33467349638BFE3AB78D7A3A /* Pods_Surf_Advisor_iOS.framework in Frameworks */,
			);
			runOnlyForDeploymentPostprocessing = 0;
		};
		CBF2CBEF2296B20C0039D3AC /* Frameworks */ = {
			isa = PBXFrameworksBuildPhase;
			buildActionMask = 2147483647;
			files = (
				B80D013D6CA51200D34F2338 /* Pods_Surf_Advisor_iOSTests.framework in Frameworks */,
			);
			runOnlyForDeploymentPostprocessing = 0;
		};
/* End PBXFrameworksBuildPhase section */

/* Begin PBXGroup section */
		66E1206459FC462AB2C4918A /* Pods */ = {
			isa = PBXGroup;
			children = (
				82A4A2177D1FECF8F2836FCE /* Pods-Surf_Advisor_iOS.debug.xcconfig */,
				A5F84E5DFE3047AA1FCA2CEC /* Pods-Surf_Advisor_iOS.release.xcconfig */,
				6742B631162F82832F666B13 /* Pods-Surf_Advisor_iOSTests.debug.xcconfig */,
				118F7E521C098F763BB41441 /* Pods-Surf_Advisor_iOSTests.release.xcconfig */,
			);
			name = Pods;
			sourceTree = "<group>";
		};
		6A8533BD8E65256693589ABC /* Frameworks */ = {
			isa = PBXGroup;
			children = (
				7090212BA92B43D2EC91E46B /* Pods_Surf_Advisor_iOS.framework */,
				BF4022B9C5E90AFDAD17C284 /* Pods_Surf_Advisor_iOSTests.framework */,
			);
			name = Frameworks;
			sourceTree = "<group>";
		};
		CBF2CBD52296B2090039D3AC = {
			isa = PBXGroup;
			children = (
				CBF2CBE02296B2090039D3AC /* Surf_Advisor_iOS */,
				CBF2CBF52296B20C0039D3AC /* Surf_Advisor_iOSTests */,
				CBF2CBDF2296B2090039D3AC /* Products */,
				66E1206459FC462AB2C4918A /* Pods */,
				6A8533BD8E65256693589ABC /* Frameworks */,
			);
			sourceTree = "<group>";
		};
		CBF2CBDF2296B2090039D3AC /* Products */ = {
			isa = PBXGroup;
			children = (
				CBF2CBDE2296B2090039D3AC /* Surf_Advisor_iOS.app */,
				CBF2CBF22296B20C0039D3AC /* Surf_Advisor_iOSTests.xctest */,
			);
			name = Products;
			sourceTree = "<group>";
		};
		CBF2CBE02296B2090039D3AC /* Surf_Advisor_iOS */ = {
			isa = PBXGroup;
			children = (
				CBF2CBE12296B2090039D3AC /* AppDelegate.swift */,
				CBF2CBE32296B2090039D3AC /* ViewController.swift */,
				CBF2CBE52296B2090039D3AC /* Main.storyboard */,
				CBF2CBE82296B20C0039D3AC /* Assets.xcassets */,
				CBF2CBEA2296B20C0039D3AC /* LaunchScreen.storyboard */,
				CBF2CBED2296B20C0039D3AC /* Info.plist */,
			);
			path = Surf_Advisor_iOS;
			sourceTree = "<group>";
		};
		CBF2CBF52296B20C0039D3AC /* Surf_Advisor_iOSTests */ = {
			isa = PBXGroup;
			children = (
				CBF2CBF62296B20C0039D3AC /* Surf_Advisor_iOSTests.swift */,
				CBF2CBF82296B20C0039D3AC /* Info.plist */,
			);
			path = Surf_Advisor_iOSTests;
			sourceTree = "<group>";
		};
/* End PBXGroup section */

/* Begin PBXNativeTarget section */
		CBF2CBDD2296B2090039D3AC /* Surf_Advisor_iOS */ = {
			isa = PBXNativeTarget;
			buildConfigurationList = CBF2CBFB2296B20C0039D3AC /* Build configuration list for PBXNativeTarget "Surf_Advisor_iOS" */;
			buildPhases = (
				5A814731B5BBDD4B7BDBB3A4 /* [CP] Check Pods Manifest.lock */,
				CBF2CBDA2296B2090039D3AC /* Sources */,
				CBF2CBDB2296B2090039D3AC /* Frameworks */,
				CBF2CBDC2296B2090039D3AC /* Resources */,
			);
			buildRules = (
			);
			dependencies = (
			);
			name = Surf_Advisor_iOS;
			productName = Surf_Advisor_iOS;
			productReference = CBF2CBDE2296B2090039D3AC /* Surf_Advisor_iOS.app */;
			productType = "com.apple.product-type.application";
		};
		CBF2CBF12296B20C0039D3AC /* Surf_Advisor_iOSTests */ = {
			isa = PBXNativeTarget;
			buildConfigurationList = CBF2CBFE2296B20C0039D3AC /* Build configuration list for PBXNativeTarget "Surf_Advisor_iOSTests" */;
			buildPhases = (
				EB74A683A35DEED75EE7ECDD /* [CP] Check Pods Manifest.lock */,
				CBF2CBEE2296B20C0039D3AC /* Sources */,
				CBF2CBEF2296B20C0039D3AC /* Frameworks */,
				CBF2CBF02296B20C0039D3AC /* Resources */,
				3C59469F18D3AC1D5756A544 /* [CP] Embed Pods Frameworks */,
			);
			buildRules = (
			);
			dependencies = (
				CBF2CBF42296B20C0039D3AC /* PBXTargetDependency */,
			);
			name = Surf_Advisor_iOSTests;
			productName = Surf_Advisor_iOSTests;
			productReference = CBF2CBF22296B20C0039D3AC /* Surf_Advisor_iOSTests.xctest */;
			productType = "com.apple.product-type.bundle.unit-test";
		};
/* End PBXNativeTarget section */

/* Begin PBXProject section */
		CBF2CBD62296B2090039D3AC /* Project object */ = {
			isa = PBXProject;
			attributes = {
				LastSwiftUpdateCheck = 1020;
				LastUpgradeCheck = 1020;
				ORGANIZATIONNAME = "박세은";
				TargetAttributes = {
					CBF2CBDD2296B2090039D3AC = {
						CreatedOnToolsVersion = 10.2.1;
					};
					CBF2CBF12296B20C0039D3AC = {
						CreatedOnToolsVersion = 10.2.1;
						TestTargetID = CBF2CBDD2296B2090039D3AC;
					};
				};
			};
			buildConfigurationList = CBF2CBD92296B2090039D3AC /* Build configuration list for PBXProject "Surf_Advisor_iOS" */;
			compatibilityVersion = "Xcode 9.3";
			developmentRegion = en;
			hasScannedForEncodings = 0;
			knownRegions = (
				en,
				Base,
			);
			mainGroup = CBF2CBD52296B2090039D3AC;
			productRefGroup = CBF2CBDF2296B2090039D3AC /* Products */;
			projectDirPath = "";
			projectRoot = "";
			targets = (
				CBF2CBDD2296B2090039D3AC /* Surf_Advisor_iOS */,
				CBF2CBF12296B20C0039D3AC /* Surf_Advisor_iOSTests */,
			);
		};
/* End PBXProject section */

/* Begin PBXResourcesBuildPhase section */
		CBF2CBDC2296B2090039D3AC /* Resources */ = {
			isa = PBXResourcesBuildPhase;
			buildActionMask = 2147483647;
			files = (
				CBF2CBEC2296B20C0039D3AC /* LaunchScreen.storyboard in Resources */,
				CBF2CBE92296B20C0039D3AC /* Assets.xcassets in Resources */,
				CBF2CBE72296B2090039D3AC /* Main.storyboard in Resources */,
			);
			runOnlyForDeploymentPostprocessing = 0;
		};
		CBF2CBF02296B20C0039D3AC /* Resources */ = {
			isa = PBXResourcesBuildPhase;
			buildActionMask = 2147483647;
			files = (
			);
			runOnlyForDeploymentPostprocessing = 0;
		};
/* End PBXResourcesBuildPhase section */

/* Begin PBXShellScriptBuildPhase section */
		3C59469F18D3AC1D5756A544 /* [CP] Embed Pods Frameworks */ = {
			isa = PBXShellScriptBuildPhase;
			buildActionMask = 2147483647;
			files = (
			);
			inputFileListPaths = (
			);
			inputPaths = (
				"${SRCROOT}/Pods/Target Support Files/Pods-Surf_Advisor_iOSTests/Pods-Surf_Advisor_iOSTests-frameworks.sh",
				"${BUILT_PRODUCTS_DIR}/Alamofire/Alamofire.framework",
				"${BUILT_PRODUCTS_DIR}/Kingfisher/Kingfisher.framework",
				"${BUILT_PRODUCTS_DIR}/SwiftyJSON/SwiftyJSON.framework",
			);
			name = "[CP] Embed Pods Frameworks";
			outputFileListPaths = (
			);
			outputPaths = (
				"${TARGET_BUILD_DIR}/${FRAMEWORKS_FOLDER_PATH}/Alamofire.framework",
				"${TARGET_BUILD_DIR}/${FRAMEWORKS_FOLDER_PATH}/Kingfisher.framework",
				"${TARGET_BUILD_DIR}/${FRAMEWORKS_FOLDER_PATH}/SwiftyJSON.framework",
			);
			runOnlyForDeploymentPostprocessing = 0;
			shellPath = /bin/sh;
			shellScript = "\"${SRCROOT}/Pods/Target Support Files/Pods-Surf_Advisor_iOSTests/Pods-Surf_Advisor_iOSTests-frameworks.sh\"\n";
			showEnvVarsInLog = 0;
		};
		5A814731B5BBDD4B7BDBB3A4 /* [CP] Check Pods Manifest.lock */ = {
			isa = PBXShellScriptBuildPhase;
			buildActionMask = 2147483647;
			files = (
			);
			inputFileListPaths = (
			);
			inputPaths = (
				"${PODS_PODFILE_DIR_PATH}/Podfile.lock",
				"${PODS_ROOT}/Manifest.lock",
			);
			name = "[CP] Check Pods Manifest.lock";
			outputFileListPaths = (
			);
			outputPaths = (
				"$(DERIVED_FILE_DIR)/Pods-Surf_Advisor_iOS-checkManifestLockResult.txt",
			);
			runOnlyForDeploymentPostprocessing = 0;
			shellPath = /bin/sh;
			shellScript = "diff \"${PODS_PODFILE_DIR_PATH}/Podfile.lock\" \"${PODS_ROOT}/Manifest.lock\" > /dev/null\nif [ $? != 0 ] ; then\n    # print error to STDERR\n    echo \"error: The sandbox is not in sync with the Podfile.lock. Run 'pod install' or update your CocoaPods installation.\" >&2\n    exit 1\nfi\n# This output is used by Xcode 'outputs' to avoid re-running this script phase.\necho \"SUCCESS\" > \"${SCRIPT_OUTPUT_FILE_0}\"\n";
			showEnvVarsInLog = 0;
		};
		EB74A683A35DEED75EE7ECDD /* [CP] Check Pods Manifest.lock */ = {
			isa = PBXShellScriptBuildPhase;
			buildActionMask = 2147483647;
			files = (
			);
			inputFileListPaths = (
			);
			inputPaths = (
				"${PODS_PODFILE_DIR_PATH}/Podfile.lock",
				"${PODS_ROOT}/Manifest.lock",
			);
			name = "[CP] Check Pods Manifest.lock";
			outputFileListPaths = (
			);
			outputPaths = (
				"$(DERIVED_FILE_DIR)/Pods-Surf_Advisor_iOSTests-checkManifestLockResult.txt",
			);
			runOnlyForDeploymentPostprocessing = 0;
			shellPath = /bin/sh;
			shellScript = "diff \"${PODS_PODFILE_DIR_PATH}/Podfile.lock\" \"${PODS_ROOT}/Manifest.lock\" > /dev/null\nif [ $? != 0 ] ; then\n    # print error to STDERR\n    echo \"error: The sandbox is not in sync with the Podfile.lock. Run 'pod install' or update your CocoaPods installation.\" >&2\n    exit 1\nfi\n# This output is used by Xcode 'outputs' to avoid re-running this script phase.\necho \"SUCCESS\" > \"${SCRIPT_OUTPUT_FILE_0}\"\n";
			showEnvVarsInLog = 0;
		};
/* End PBXShellScriptBuildPhase section */

/* Begin PBXSourcesBuildPhase section */
		CBF2CBDA2296B2090039D3AC /* Sources */ = {
			isa = PBXSourcesBuildPhase;
			buildActionMask = 2147483647;
			files = (
				CBF2CBE42296B2090039D3AC /* ViewController.swift in Sources */,
				CBF2CBE22296B2090039D3AC /* AppDelegate.swift in Sources */,
			);
			runOnlyForDeploymentPostprocessing = 0;
		};
		CBF2CBEE2296B20C0039D3AC /* Sources */ = {
			isa = PBXSourcesBuildPhase;
			buildActionMask = 2147483647;
			files = (
				CBF2CBF72296B20C0039D3AC /* Surf_Advisor_iOSTests.swift in Sources */,
			);
			runOnlyForDeploymentPostprocessing = 0;
		};
/* End PBXSourcesBuildPhase section */

/* Begin PBXTargetDependency section */
		CBF2CBF42296B20C0039D3AC /* PBXTargetDependency */ = {
			isa = PBXTargetDependency;
			target = CBF2CBDD2296B2090039D3AC /* Surf_Advisor_iOS */;
			targetProxy = CBF2CBF32296B20C0039D3AC /* PBXContainerItemProxy */;
		};
/* End PBXTargetDependency section */

/* Begin PBXVariantGroup section */
		CBF2CBE52296B2090039D3AC /* Main.storyboard */ = {
			isa = PBXVariantGroup;
			children = (
				CBF2CBE62296B2090039D3AC /* Base */,
			);
			name = Main.storyboard;
			sourceTree = "<group>";
		};
		CBF2CBEA2296B20C0039D3AC /* LaunchScreen.storyboard */ = {
			isa = PBXVariantGroup;
			children = (
				CBF2CBEB2296B20C0039D3AC /* Base */,
			);
			name = LaunchScreen.storyboard;
			sourceTree = "<group>";
		};
/* End PBXVariantGroup section */

/* Begin XCBuildConfiguration section */
		CBF2CBF92296B20C0039D3AC /* Debug */ = {
			isa = XCBuildConfiguration;
			buildSettings = {
				ALWAYS_SEARCH_USER_PATHS = NO;
				CLANG_ANALYZER_NONNULL = YES;
				CLANG_ANALYZER_NUMBER_OBJECT_CONVERSION = YES_AGGRESSIVE;
				CLANG_CXX_LANGUAGE_STANDARD = "gnu++14";
				CLANG_CXX_LIBRARY = "libc++";
				CLANG_ENABLE_MODULES = YES;
				CLANG_ENABLE_OBJC_ARC = YES;
				CLANG_ENABLE_OBJC_WEAK = YES;
				CLANG_WARN_BLOCK_CAPTURE_AUTORELEASING = YES;
				CLANG_WARN_BOOL_CONVERSION = YES;
				CLANG_WARN_COMMA = YES;
				CLANG_WARN_CONSTANT_CONVERSION = YES;
				CLANG_WARN_DEPRECATED_OBJC_IMPLEMENTATIONS = YES;
				CLANG_WARN_DIRECT_OBJC_ISA_USAGE = YES_ERROR;
				CLANG_WARN_DOCUMENTATION_COMMENTS = YES;
				CLANG_WARN_EMPTY_BODY = YES;
				CLANG_WARN_ENUM_CONVERSION = YES;
				CLANG_WARN_INFINITE_RECURSION = YES;
				CLANG_WARN_INT_CONVERSION = YES;
				CLANG_WARN_NON_LITERAL_NULL_CONVERSION = YES;
				CLANG_WARN_OBJC_IMPLICIT_RETAIN_SELF = YES;
				CLANG_WARN_OBJC_LITERAL_CONVERSION = YES;
				CLANG_WARN_OBJC_ROOT_CLASS = YES_ERROR;
				CLANG_WARN_RANGE_LOOP_ANALYSIS = YES;
				CLANG_WARN_STRICT_PROTOTYPES = YES;
				CLANG_WARN_SUSPICIOUS_MOVE = YES;
				CLANG_WARN_UNGUARDED_AVAILABILITY = YES_AGGRESSIVE;
				CLANG_WARN_UNREACHABLE_CODE = YES;
				CLANG_WARN__DUPLICATE_METHOD_MATCH = YES;
				CODE_SIGN_IDENTITY = "iPhone Developer";
				COPY_PHASE_STRIP = NO;
				DEBUG_INFORMATION_FORMAT = dwarf;
				ENABLE_STRICT_OBJC_MSGSEND = YES;
				ENABLE_TESTABILITY = YES;
				GCC_C_LANGUAGE_STANDARD = gnu11;
				GCC_DYNAMIC_NO_PIC = NO;
				GCC_NO_COMMON_BLOCKS = YES;
				GCC_OPTIMIZATION_LEVEL = 0;
				GCC_PREPROCESSOR_DEFINITIONS = (
					"DEBUG=1",
					"$(inherited)",
				);
				GCC_WARN_64_TO_32_BIT_CONVERSION = YES;
				GCC_WARN_ABOUT_RETURN_TYPE = YES_ERROR;
				GCC_WARN_UNDECLARED_SELECTOR = YES;
				GCC_WARN_UNINITIALIZED_AUTOS = YES_AGGRESSIVE;
				GCC_WARN_UNUSED_FUNCTION = YES;
				GCC_WARN_UNUSED_VARIABLE = YES;
				IPHONEOS_DEPLOYMENT_TARGET = 12.2;
				MTL_ENABLE_DEBUG_INFO = INCLUDE_SOURCE;
				MTL_FAST_MATH = YES;
				ONLY_ACTIVE_ARCH = YES;
				SDKROOT = iphoneos;
				SWIFT_ACTIVE_COMPILATION_CONDITIONS = DEBUG;
				SWIFT_OPTIMIZATION_LEVEL = "-Onone";
			};
			name = Debug;
		};
		CBF2CBFA2296B20C0039D3AC /* Release */ = {
			isa = XCBuildConfiguration;
			buildSettings = {
				ALWAYS_SEARCH_USER_PATHS = NO;
				CLANG_ANALYZER_NONNULL = YES;
				CLANG_ANALYZER_NUMBER_OBJECT_CONVERSION = YES_AGGRESSIVE;
				CLANG_CXX_LANGUAGE_STANDARD = "gnu++14";
				CLANG_CXX_LIBRARY = "libc++";
				CLANG_ENABLE_MODULES = YES;
				CLANG_ENABLE_OBJC_ARC = YES;
				CLANG_ENABLE_OBJC_WEAK = YES;
				CLANG_WARN_BLOCK_CAPTURE_AUTORELEASING = YES;
				CLANG_WARN_BOOL_CONVERSION = YES;
				CLANG_WARN_COMMA = YES;
				CLANG_WARN_CONSTANT_CONVERSION = YES;
				CLANG_WARN_DEPRECATED_OBJC_IMPLEMENTATIONS = YES;
				CLANG_WARN_DIRECT_OBJC_ISA_USAGE = YES_ERROR;
				CLANG_WARN_DOCUMENTATION_COMMENTS = YES;
				CLANG_WARN_EMPTY_BODY = YES;
				CLANG_WARN_ENUM_CONVERSION = YES;
				CLANG_WARN_INFINITE_RECURSION = YES;
				CLANG_WARN_INT_CONVERSION = YES;
				CLANG_WARN_NON_LITERAL_NULL_CONVERSION = YES;
				CLANG_WARN_OBJC_IMPLICIT_RETAIN_SELF = YES;
				CLANG_WARN_OBJC_LITERAL_CONVERSION = YES;
				CLANG_WARN_OBJC_ROOT_CLASS = YES_ERROR;
				CLANG_WARN_RANGE_LOOP_ANALYSIS = YES;
				CLANG_WARN_STRICT_PROTOTYPES = YES;
				CLANG_WARN_SUSPICIOUS_MOVE = YES;
				CLANG_WARN_UNGUARDED_AVAILABILITY = YES_AGGRESSIVE;
				CLANG_WARN_UNREACHABLE_CODE = YES;
				CLANG_WARN__DUPLICATE_METHOD_MATCH = YES;
				CODE_SIGN_IDENTITY = "iPhone Developer";
				COPY_PHASE_STRIP = NO;
				DEBUG_INFORMATION_FORMAT = "dwarf-with-dsym";
				ENABLE_NS_ASSERTIONS = NO;
				ENABLE_STRICT_OBJC_MSGSEND = YES;
				GCC_C_LANGUAGE_STANDARD = gnu11;
				GCC_NO_COMMON_BLOCKS = YES;
				GCC_WARN_64_TO_32_BIT_CONVERSION = YES;
				GCC_WARN_ABOUT_RETURN_TYPE = YES_ERROR;
				GCC_WARN_UNDECLARED_SELECTOR = YES;
				GCC_WARN_UNINITIALIZED_AUTOS = YES_AGGRESSIVE;
				GCC_WARN_UNUSED_FUNCTION = YES;
				GCC_WARN_UNUSED_VARIABLE = YES;
				IPHONEOS_DEPLOYMENT_TARGET = 12.2;
				MTL_ENABLE_DEBUG_INFO = NO;
				MTL_FAST_MATH = YES;
				SDKROOT = iphoneos;
				SWIFT_COMPILATION_MODE = wholemodule;
				SWIFT_OPTIMIZATION_LEVEL = "-O";
				VALIDATE_PRODUCT = YES;
			};
			name = Release;
		};
		CBF2CBFC2296B20C0039D3AC /* Debug */ = {
			isa = XCBuildConfiguration;
			baseConfigurationReference = 82A4A2177D1FECF8F2836FCE /* Pods-Surf_Advisor_iOS.debug.xcconfig */;
			buildSettings = {
				ASSETCATALOG_COMPILER_APPICON_NAME = AppIcon;
				CODE_SIGN_STYLE = Automatic;
				INFOPLIST_FILE = Surf_Advisor_iOS/Info.plist;
				LD_RUNPATH_SEARCH_PATHS = (
					"$(inherited)",
					"@executable_path/Frameworks",
				);
				PRODUCT_BUNDLE_IDENTIFIER = "pkse1213.Surf-Advisor-iOS";
				PRODUCT_NAME = "$(TARGET_NAME)";
				SWIFT_VERSION = 5.0;
				TARGETED_DEVICE_FAMILY = "1,2";
			};
			name = Debug;
		};
		CBF2CBFD2296B20C0039D3AC /* Release */ = {
			isa = XCBuildConfiguration;
			baseConfigurationReference = A5F84E5DFE3047AA1FCA2CEC /* Pods-Surf_Advisor_iOS.release.xcconfig */;
			buildSettings = {
				ASSETCATALOG_COMPILER_APPICON_NAME = AppIcon;
				CODE_SIGN_STYLE = Automatic;
				INFOPLIST_FILE = Surf_Advisor_iOS/Info.plist;
				LD_RUNPATH_SEARCH_PATHS = (
					"$(inherited)",
					"@executable_path/Frameworks",
				);
				PRODUCT_BUNDLE_IDENTIFIER = "pkse1213.Surf-Advisor-iOS";
				PRODUCT_NAME = "$(TARGET_NAME)";
				SWIFT_VERSION = 5.0;
				TARGETED_DEVICE_FAMILY = "1,2";
			};
			name = Release;
		};
		CBF2CBFF2296B20C0039D3AC /* Debug */ = {
			isa = XCBuildConfiguration;
			baseConfigurationReference = 6742B631162F82832F666B13 /* Pods-Surf_Advisor_iOSTests.debug.xcconfig */;
			buildSettings = {
				ALWAYS_EMBED_SWIFT_STANDARD_LIBRARIES = YES;
				BUNDLE_LOADER = "$(TEST_HOST)";
				CODE_SIGN_STYLE = Automatic;
				INFOPLIST_FILE = Surf_Advisor_iOSTests/Info.plist;
				LD_RUNPATH_SEARCH_PATHS = (
					"$(inherited)",
					"@executable_path/Frameworks",
					"@loader_path/Frameworks",
				);
				PRODUCT_BUNDLE_IDENTIFIER = "pkse1213.Surf-Advisor-iOSTests";
				PRODUCT_NAME = "$(TARGET_NAME)";
				SWIFT_VERSION = 5.0;
				TARGETED_DEVICE_FAMILY = "1,2";
				TEST_HOST = "$(BUILT_PRODUCTS_DIR)/Surf_Advisor_iOS.app/Surf_Advisor_iOS";
			};
			name = Debug;
		};
		CBF2CC002296B20C0039D3AC /* Release */ = {
			isa = XCBuildConfiguration;
			baseConfigurationReference = 118F7E521C098F763BB41441 /* Pods-Surf_Advisor_iOSTests.release.xcconfig */;
			buildSettings = {
				ALWAYS_EMBED_SWIFT_STANDARD_LIBRARIES = YES;
				BUNDLE_LOADER = "$(TEST_HOST)";
				CODE_SIGN_STYLE = Automatic;
				INFOPLIST_FILE = Surf_Advisor_iOSTests/Info.plist;
				LD_RUNPATH_SEARCH_PATHS = (
					"$(inherited)",
					"@executable_path/Frameworks",
					"@loader_path/Frameworks",
				);
				PRODUCT_BUNDLE_IDENTIFIER = "pkse1213.Surf-Advisor-iOSTests";
				PRODUCT_NAME = "$(TARGET_NAME)";
				SWIFT_VERSION = 5.0;
				TARGETED_DEVICE_FAMILY = "1,2";
				TEST_HOST = "$(BUILT_PRODUCTS_DIR)/Surf_Advisor_iOS.app/Surf_Advisor_iOS";
			};
			name = Release;
		};
/* End XCBuildConfiguration section */

/* Begin XCConfigurationList section */
		CBF2CBD92296B2090039D3AC /* Build configuration list for PBXProject "Surf_Advisor_iOS" */ = {
			isa = XCConfigurationList;
			buildConfigurations = (
				CBF2CBF92296B20C0039D3AC /* Debug */,
				CBF2CBFA2296B20C0039D3AC /* Release */,
			);
			defaultConfigurationIsVisible = 0;
			defaultConfigurationName = Release;
		};
		CBF2CBFB2296B20C0039D3AC /* Build configuration list for PBXNativeTarget "Surf_Advisor_iOS" */ = {
			isa = XCConfigurationList;
			buildConfigurations = (
				CBF2CBFC2296B20C0039D3AC /* Debug */,
				CBF2CBFD2296B20C0039D3AC /* Release */,
			);
			defaultConfigurationIsVisible = 0;
			defaultConfigurationName = Release;
		};
		CBF2CBFE2296B20C0039D3AC /* Build configuration list for PBXNativeTarget "Surf_Advisor_iOSTests" */ = {
			isa = XCConfigurationList;
			buildConfigurations = (
				CBF2CBFF2296B20C0039D3AC /* Debug */,
				CBF2CC002296B20C0039D3AC /* Release */,
			);
			defaultConfigurationIsVisible = 0;
			defaultConfigurationName = Release;
		};
/* End XCConfigurationList section */
	};
	rootObject = CBF2CBD62296B2090039D3AC /* Project object */;
}
